Microsoft Visual Studio Solution File, Format Version 12.00
# Visual Studio Version 17
VisualStudioVersion = 17.2.32616.157
MinimumVisualStudioVersion = 10.0.40219.1
Project("{9A19103F-16F7-4668-BE54-9A1E7A4F7556}") = "C3DE", "C3DE\C3DE.Android.csproj", "{53EF3B1E-3997-4475-84A4-C4B465125057}"
EndProject
Project("{9A19103F-16F7-4668-BE54-9A1E7A4F7556}") = "C3DE.Demo", "C3DE.Demo\Shared\C3DE.Demo.Android.csproj", "{83076DE5-4D33-4C6E-97B1-3AD6D7B798C7}"
EndProject
Global
	GlobalSection(SolutionConfigurationPlatforms) = preSolution
		Debug|Any CPU = Debug|Any CPU
		Release|Any CPU = Release|Any CPU
	EndGlobalSection
	GlobalSection(ProjectConfigurationPlatforms) = postSolution
		{53EF3B1E-3997-4475-84A4-C4B465125057}.Debug|Any CPU.ActiveCfg = Debug|Any CPU
		{53EF3B1E-3997-4475-84A4-C4B465125057}.Debug|Any CPU.Build.0 = Debug|Any CPU
		{53EF3B1E-3997-4475-84A4-C4B465125057}.Release|Any CPU.ActiveCfg = Release|Any CPU
		{53EF3B1E-3997-4475-84A4-C4B465125057}.Release|Any CPU.Build.0 = Release|Any CPU
		{CE83A3C3-A1DC-4641-AE78-3B9754FA7E6E}.Debug|Any CPU.ActiveCfg = Debug|Any CPU
		{CE83A3C3-A1DC-4641-AE78-3B9754FA7E6E}.Debug|Any CPU.Build.0 = Debug|Any CPU
		{CE83A3C3-A1DC-4641-AE78-3B9754FA7E6E}.Release|Any CPU.ActiveCfg = Release|Any CPU
		{CE83A3C3-A1DC-4641-AE78-3B9754FA7E6E}.Release|Any CPU.Build.0 = Release|Any CPU
		{83076DE5-4D33-4C6E-97B1-3AD6D7B798C7}.Debug|Any CPU.ActiveCfg = Debug|Any CPU
		{83076DE5-4D33-4C6E-97B1-3AD6D7B798C7}.Debug|Any CPU.Build.0 = Debug|Any CPU
		{83076DE5-4D33-4C6E-97B1-3AD6D7B798C7}.Release|Any CPU.ActiveCfg = Release|Any CPU
		{83076DE5-4D33-4C6E-97B1-3AD6D7B798C7}.Release|Any CPU.Build.0 = Release|Any CPU
		{78E91788-CA73-4164-80B2-37A5F3D202F6}.Debug|Any CPU.ActiveCfg = Debug|Any CPU
		{78E91788-CA73-4164-80B2-37A5F3D202F6}.Debug|Any CPU.Build.0 = Debug|Any CPU
		{78E91788-CA73-4164-80B2-37A5F3D202F6}.Release|Any CPU.ActiveCfg = Release|Any CPU
		{78E91788-CA73-4164-80B2-37A5F3D202F6}.Release|Any CPU.Build.0 = Release|Any CPU
		{3EFE1090-C355-44BA-A0D5-940A461C5C56}.Debug|Any CPU.ActiveCfg = Debug|Any CPU
		{3EFE1090-C355-44BA-A0D5-940A461C5C56}.Debug|Any CPU.Build.0 = Debug|Any CPU
		{3EFE1090-C355-44BA-A0D5-940A461C5C56}.Release|Any CPU.ActiveCfg = Release|Any CPU
		{3EFE1090-C355-44BA-A0D5-940A461C5C56}.Release|Any CPU.Build.0 = Release|Any CPU
	EndGlobalSection
	GlobalSection(SolutionProperties) = preSolution
		HideSolutionNode = FALSE
	EndGlobalSection
	GlobalSection(ExtensibilityGlobals) = postSolution
		SolutionGuid = {A932F03C-899B-4CCC-8F28-06BE30B056F4}
	EndGlobalSection
EndGlobal
