Microsoft Visual Studio Solution File, Format Version 12.00
# Visual Studio Version 16
VisualStudioVersion = 16.0.29020.237
MinimumVisualStudioVersion = 10.0.40219.1
Project("{FAE04EC0-301F-11D3-BF4B-00C04F79EFBC}") = "C3DE", "C3DE\C3DE.csproj", "{706F6462-A341-44A2-9F16-E8ECB53F5DFB}"
EndProject
Project("{FAE04EC0-301F-11D3-BF4B-00C04F79EFBC}") = "C3DE.Demo", "C3DE.Demo\Shared\C3DE.Demo.csproj", "{82E19D07-8F89-4BC9-99BD-1E941EA57FC6}"
EndProject
Project("{FAE04EC0-301F-11D3-BF4B-00C04F79EFBC}") = "C3DE.Editor", "C3DE.Editor\C3DE.Editor.csproj", "{00FB801D-C8B9-4E84-98C7-990545F8A1BA}"
EndProject
Project("{FAE04EC0-301F-11D3-BF4B-00C04F79EFBC}") = "C3DE.DemoGame", "C3DE.Demo\Windows\C3DE.DemoGame.csproj", "{4D1793CC-8192-4CD9-A099-AA5E639352E1}"
EndProject
Project("{2150E333-8FDC-42A3-9474-1A3956D46DE8}") = "Demo", "Demo", "{9EEAD462-30D6-4F71-909D-4A471F062DE5}"
EndProject
Project("{2150E333-8FDC-42A3-9474-1A3956D46DE8}") = "Editor", "Editor", "{F154DD73-D774-4C12-9568-365697C17B8B}"
EndProject
Project("{9A19103F-16F7-4668-BE54-9A1E7A4F7556}") = "C3DE.GwenUI", "C3DE.GwenUI\C3DE.GwenUI.csproj", "{3894961D-E442-40A1-925B-01E9CC785CF5}"
EndProject
Global
	GlobalSection(SolutionConfigurationPlatforms) = preSolution
		Debug|Any CPU = Debug|Any CPU
		Debug|x86 = Debug|x86
		Release|Any CPU = Release|Any CPU
		Release|x86 = Release|x86
	EndGlobalSection
	GlobalSection(ProjectConfigurationPlatforms) = postSolution
		{706F6462-A341-44A2-9F16-E8ECB53F5DFB}.Debug|Any CPU.ActiveCfg = Debug|x86
		{706F6462-A341-44A2-9F16-E8ECB53F5DFB}.Debug|Any CPU.Build.0 = Debug|x86
		{706F6462-A341-44A2-9F16-E8ECB53F5DFB}.Debug|Any CPU.Deploy.0 = Debug|x86
		{706F6462-A341-44A2-9F16-E8ECB53F5DFB}.Debug|x86.ActiveCfg = Debug|x86
		{706F6462-A341-44A2-9F16-E8ECB53F5DFB}.Debug|x86.Build.0 = Debug|x86
		{706F6462-A341-44A2-9F16-E8ECB53F5DFB}.Release|Any CPU.ActiveCfg = Debug|x86
		{706F6462-A341-44A2-9F16-E8ECB53F5DFB}.Release|Any CPU.Build.0 = Debug|x86
		{706F6462-A341-44A2-9F16-E8ECB53F5DFB}.Release|x86.ActiveCfg = Debug|x86
		{706F6462-A341-44A2-9F16-E8ECB53F5DFB}.Release|x86.Build.0 = Debug|x86
		{82E19D07-8F89-4BC9-99BD-1E941EA57FC6}.Debug|Any CPU.ActiveCfg = Debug|x86
		{82E19D07-8F89-4BC9-99BD-1E941EA57FC6}.Debug|Any CPU.Build.0 = Debug|x86
		{82E19D07-8F89-4BC9-99BD-1E941EA57FC6}.Debug|x86.ActiveCfg = Debug|x86
		{82E19D07-8F89-4BC9-99BD-1E941EA57FC6}.Debug|x86.Build.0 = Debug|x86
		{82E19D07-8F89-4BC9-99BD-1E941EA57FC6}.Release|Any CPU.ActiveCfg = Debug|x86
		{82E19D07-8F89-4BC9-99BD-1E941EA57FC6}.Release|Any CPU.Build.0 = Debug|x86
		{82E19D07-8F89-4BC9-99BD-1E941EA57FC6}.Release|x86.ActiveCfg = Debug|x86
		{82E19D07-8F89-4BC9-99BD-1E941EA57FC6}.Release|x86.Build.0 = Debug|x86
		{00FB801D-C8B9-4E84-98C7-990545F8A1BA}.Debug|Any CPU.ActiveCfg = Debug|x86
		{00FB801D-C8B9-4E84-98C7-990545F8A1BA}.Debug|Any CPU.Build.0 = Debug|x86
		{00FB801D-C8B9-4E84-98C7-990545F8A1BA}.Debug|x86.ActiveCfg = Debug|x86
		{00FB801D-C8B9-4E84-98C7-990545F8A1BA}.Debug|x86.Build.0 = Debug|x86
		{00FB801D-C8B9-4E84-98C7-990545F8A1BA}.Release|Any CPU.ActiveCfg = Debug|x86
		{00FB801D-C8B9-4E84-98C7-990545F8A1BA}.Release|Any CPU.Build.0 = Debug|x86
		{00FB801D-C8B9-4E84-98C7-990545F8A1BA}.Release|x86.ActiveCfg = Debug|x86
		{00FB801D-C8B9-4E84-98C7-990545F8A1BA}.Release|x86.Build.0 = Debug|x86
		{4D1793CC-8192-4CD9-A099-AA5E639352E1}.Debug|Any CPU.ActiveCfg = Debug|x86
		{4D1793CC-8192-4CD9-A099-AA5E639352E1}.Debug|Any CPU.Build.0 = Debug|x86
		{4D1793CC-8192-4CD9-A099-AA5E639352E1}.Debug|x86.ActiveCfg = Debug|x86
		{4D1793CC-8192-4CD9-A099-AA5E639352E1}.Debug|x86.Build.0 = Debug|x86
		{4D1793CC-8192-4CD9-A099-AA5E639352E1}.Release|Any CPU.ActiveCfg = Debug|x86
		{4D1793CC-8192-4CD9-A099-AA5E639352E1}.Release|Any CPU.Build.0 = Debug|x86
		{4D1793CC-8192-4CD9-A099-AA5E639352E1}.Release|x86.ActiveCfg = Debug|x86
		{4D1793CC-8192-4CD9-A099-AA5E639352E1}.Release|x86.Build.0 = Debug|x86
		{3894961D-E442-40A1-925B-01E9CC785CF5}.Debug|Any CPU.ActiveCfg = Debug|Any CPU
		{3894961D-E442-40A1-925B-01E9CC785CF5}.Debug|Any CPU.Build.0 = Debug|Any CPU
		{3894961D-E442-40A1-925B-01E9CC785CF5}.Debug|x86.ActiveCfg = Debug|Any CPU
		{3894961D-E442-40A1-925B-01E9CC785CF5}.Debug|x86.Build.0 = Debug|Any CPU
		{3894961D-E442-40A1-925B-01E9CC785CF5}.Release|Any CPU.ActiveCfg = Release|Any CPU
		{3894961D-E442-40A1-925B-01E9CC785CF5}.Release|Any CPU.Build.0 = Release|Any CPU
		{3894961D-E442-40A1-925B-01E9CC785CF5}.Release|x86.ActiveCfg = Release|Any CPU
		{3894961D-E442-40A1-925B-01E9CC785CF5}.Release|x86.Build.0 = Release|Any CPU
	EndGlobalSection
	GlobalSection(SolutionProperties) = preSolution
		HideSolutionNode = FALSE
	EndGlobalSection
	GlobalSection(NestedProjects) = preSolution
		{82E19D07-8F89-4BC9-99BD-1E941EA57FC6} = {9EEAD462-30D6-4F71-909D-4A471F062DE5}
		{00FB801D-C8B9-4E84-98C7-990545F8A1BA} = {F154DD73-D774-4C12-9568-365697C17B8B}
		{4D1793CC-8192-4CD9-A099-AA5E639352E1} = {9EEAD462-30D6-4F71-909D-4A471F062DE5}
		{3894961D-E442-40A1-925B-01E9CC785CF5} = {F154DD73-D774-4C12-9568-365697C17B8B}
	EndGlobalSection
	GlobalSection(ExtensibilityGlobals) = postSolution
		SolutionGuid = {DAE97BC0-D64C-408E-B74C-337A66ABCAA8}
	EndGlobalSection
	GlobalSection(MonoDevelopProperties) = preSolution
		StartupItem = C3DE.Demo\C3DE.Demo.csproj
	EndGlobalSection
EndGlobal
